
Microsoft Visual Studio Solution File, Format Version 12.00
# Visual Studio 15
VisualStudioVersion = 15.0.27703.2042
MinimumVisualStudioVersion = 10.0.40219.1
Project("{8BC9CEB8-8B4A-11D0-8D11-00A0C91BC942}") = "151_Final", "151_Final\151_Final.vcxproj", "{3E98B2E8-53FA-4B4C-9767-C58F2191D0ED}"
EndProject
Global
	GlobalSection(SolutionConfigurationPlatforms) = preSolution
		Debug|x64 = Debug|x64
		Debug|x86 = Debug|x86
		Release|x64 = Release|x64
		Release|x86 = Release|x86
	EndGlobalSection
	GlobalSection(ProjectConfigurationPlatforms) = postSolution
		{3E98B2E8-53FA-4B4C-9767-C58F2191D0ED}.Debug|x64.ActiveCfg = Debug|x64
		{3E98B2E8-53FA-4B4C-9767-C58F2191D0ED}.Debug|x64.Build.0 = Debug|x64
		{3E98B2E8-53FA-4B4C-9767-C58F2191D0ED}.Debug|x86.ActiveCfg = Debug|Win32
		{3E98B2E8-53FA-4B4C-9767-C58F2191D0ED}.Debug|x86.Build.0 = Debug|Win32
		{3E98B2E8-53FA-4B4C-9767-C58F2191D0ED}.Release|x64.ActiveCfg = Release|x64
		{3E98B2E8-53FA-4B4C-9767-C58F2191D0ED}.Release|x64.Build.0 = Release|x64
		{3E98B2E8-53FA-4B4C-9767-C58F2191D0ED}.Release|x86.ActiveCfg = Release|Win32
		{3E98B2E8-53FA-4B4C-9767-C58F2191D0ED}.Release|x86.Build.0 = Release|Win32
	EndGlobalSection
	GlobalSection(SolutionProperties) = preSolution
		HideSolutionNode = FALSE
	EndGlobalSection
	GlobalSection(ExtensibilityGlobals) = postSolution
		SolutionGuid = {B8472F8C-3864-4DED-832A-AF6C5F9D11EF}
	EndGlobalSection
EndGlobal
